<Solution>
  <Folder Name="/Note backend/">
    <File Path="How backend works.md" />
  </Folder>
  <Project Path="AudioGuideAdmin/AudioGuideAdmin.csproj" Id="fadd3d6f-f170-4b82-8e7f-2c91aabaffd3" />
  <Project Path="AudioGuideAPI/AudioGuideAPI.csproj" />
  <Project Path="TravelTracker/TravelTracker.csproj">
    <Deploy Solution="Debug|*" />
  </Project>
</Solution>
