<Solution>
  <Folder Name="/docs/">
    <File Path="docs/PRD.md" />
  </Folder>
  <Folder Name="/docs/images/">
    <File Path="../../../Downloads/a.png" />
  </Folder>
  <Project Path="AudioGuideAdmin/AudioGuideAdmin.csproj" />
  <Project Path="AudioGuideAPI/AudioGuideAPI.csproj" />
  <Project Path="TravelTracker/TravelTracker.csproj">
    <Deploy Solution="Debug|*" />
  </Project>
</Solution>
